{
  "nodes": {
    "nixpkgs": {
      "locked": {
        "lastModified": 1780413457,
        "narHash": "sha256-kjCuiY2K9pEWsbi8vzVEPEjCMuZLOuJvYSBvuwVoXBM=",
        "owner": "nixos",
        "repo": "nixpkgs",
        "rev": "1bef2a0842007dc211fccf2b70623679b329c7b6",
        "type": "github"
      },
      "original": {
        "owner": "nixos",
        "repo": "nixpkgs",
        "type": "github"
      }
    },
    "root": {
      "inputs": {
        "nixpkgs": "nixpkgs"
      }
    }
  },
  "root": "root",
  "version": 7
}
