{
  "nodes": {
    "nixpkgs": {
      "locked": {
        "lastModified": 1783695355,
        "narHash": "sha256-Ym59vrupl/ulyyrb9O8XBkIxsUtNbj7b5mnFTzOdEAI=",
        "owner": "nixos",
        "repo": "nixpkgs",
        "rev": "c71d88ec038d9c37b55b414d1c2d49f786592604",
        "type": "github"
      },
      "original": {
        "owner": "nixos",
        "repo": "nixpkgs",
        "type": "github"
      }
    },
    "root": {
      "inputs": {
        "nixpkgs": "nixpkgs"
      }
    }
  },
  "root": "root",
  "version": 7
}
